// !$*UTF8*$!
{
	archiveVersion = 1;
	classes = {
	};
	objectVersion = 46;
	objects = {

/* Begin PBXBuildFile section */
		670D3980DD1FD53D72CF90FA /* libPods-ZumobiDemo.a in Frameworks */ = {isa = PBXBuildFile; fileRef = A266F0F7F332489438BC5061 /* libPods-ZumobiDemo.a */; };
		EA17C8F91AE98399002DCBC2 /* pubkey.der in Resources */ = {isa = PBXBuildFile; fileRef = EA17C8F61AE98399002DCBC2 /* pubkey.der */; };
		EA17C8FA1AE98399002DCBC2 /* zbimconfig.plist in Resources */ = {isa = PBXBuildFile; fileRef = EA17C8F71AE98399002DCBC2 /* zbimconfig.plist */; };
		EA17C8FB1AE98399002DCBC2 /* ZumobiContent.swift in Sources */ = {isa = PBXBuildFile; fileRef = EA17C8F81AE98399002DCBC2 /* ZumobiContent.swift */; };
		EA17C8FD1AE99134002DCBC2 /* PushContentDemoViewController.swift in Sources */ = {isa = PBXBuildFile; fileRef = EA17C8FC1AE99134002DCBC2 /* PushContentDemoViewController.swift */; };
		EA17C8FF1AE99FE5002DCBC2 /* HubViewController.swift in Sources */ = {isa = PBXBuildFile; fileRef = EA17C8FE1AE99FE5002DCBC2 /* HubViewController.swift */; };
		EA442FBB1AEA59420004D75F /* SplitMasterDemoViewController.swift in Sources */ = {isa = PBXBuildFile; fileRef = EA442FBA1AEA59420004D75F /* SplitMasterDemoViewController.swift */; };
		EA442FBD1AEA5DAB0004D75F /* SplitDemoViewController.swift in Sources */ = {isa = PBXBuildFile; fileRef = EA442FBC1AEA5DAB0004D75F /* SplitDemoViewController.swift */; };
		EA85642F1AE94C1700ABD385 /* AppDelegate.swift in Sources */ = {isa = PBXBuildFile; fileRef = EA85642E1AE94C1700ABD385 /* AppDelegate.swift */; };
		EA8564311AE94C1700ABD385 /* ModalDemoViewController.swift in Sources */ = {isa = PBXBuildFile; fileRef = EA8564301AE94C1700ABD385 /* ModalDemoViewController.swift */; };
		EA8564331AE94C1700ABD385 /* PushDemoViewController.swift in Sources */ = {isa = PBXBuildFile; fileRef = EA8564321AE94C1700ABD385 /* PushDemoViewController.swift */; };
		EA8564361AE94C1700ABD385 /* Main.storyboard in Resources */ = {isa = PBXBuildFile; fileRef = EA8564341AE94C1700ABD385 /* Main.storyboard */; };
		EA8564381AE94C1700ABD385 /* Images.xcassets in Resources */ = {isa = PBXBuildFile; fileRef = EA8564371AE94C1700ABD385 /* Images.xcassets */; };
		EA85643B1AE94C1700ABD385 /* LaunchScreen.xib in Resources */ = {isa = PBXBuildFile; fileRef = EA8564391AE94C1700ABD385 /* LaunchScreen.xib */; };
		EA8564471AE94C1700ABD385 /* ZumobiDemoTests.swift in Sources */ = {isa = PBXBuildFile; fileRef = EA8564461AE94C1700ABD385 /* ZumobiDemoTests.swift */; };
		EA8564511AE9591E00ABD385 /* EmbeddedDemoViewController.swift in Sources */ = {isa = PBXBuildFile; fileRef = EA8564501AE9591E00ABD385 /* EmbeddedDemoViewController.swift */; };
		EA8564531AE96F6F00ABD385 /* SplitDetailsDemoViewController.swift in Sources */ = {isa = PBXBuildFile; fileRef = EA8564521AE96F6F00ABD385 /* SplitDetailsDemoViewController.swift */; };
		EAC6A6D31AEA6C12004FD7BB /* TabBarController.swift in Sources */ = {isa = PBXBuildFile; fileRef = EAC6A6D21AEA6C12004FD7BB /* TabBarController.swift */; };
/* End PBXBuildFile section */

/* Begin PBXContainerItemProxy section */
		EA8564411AE94C1700ABD385 /* PBXContainerItemProxy */ = {
			isa = PBXContainerItemProxy;
			containerPortal = EA8564211AE94C1700ABD385 /* Project object */;
			proxyType = 1;
			remoteGlobalIDString = EA8564281AE94C1700ABD385;
			remoteInfo = ZumobiDemo;
		};
/* End PBXContainerItemProxy section */

/* Begin PBXFileReference section */
		466B09D756528E656B6541CD /* Pods-ZumobiDemo.release.xcconfig */ = {isa = PBXFileReference; includeInIndex = 1; lastKnownFileType = text.xcconfig; name = "Pods-ZumobiDemo.release.xcconfig"; path = "Pods/Target Support Files/Pods-ZumobiDemo/Pods-ZumobiDemo.release.xcconfig"; sourceTree = "<group>"; };
		A266F0F7F332489438BC5061 /* libPods-ZumobiDemo.a */ = {isa = PBXFileReference; explicitFileType = archive.ar; includeInIndex = 0; path = "libPods-ZumobiDemo.a"; sourceTree = BUILT_PRODUCTS_DIR; };
		B7FCB77F34ED68AA39F3ED27 /* Pods-ZumobiDemo.debug.xcconfig */ = {isa = PBXFileReference; includeInIndex = 1; lastKnownFileType = text.xcconfig; name = "Pods-ZumobiDemo.debug.xcconfig"; path = "Pods/Target Support Files/Pods-ZumobiDemo/Pods-ZumobiDemo.debug.xcconfig"; sourceTree = "<group>"; };
		EA17C8F41AE97E34002DCBC2 /* BridgingHeader.h */ = {isa = PBXFileReference; fileEncoding = 4; lastKnownFileType = sourcecode.c.h; path = BridgingHeader.h; sourceTree = "<group>"; };
		EA17C8F61AE98399002DCBC2 /* pubkey.der */ = {isa = PBXFileReference; lastKnownFileType = file; path = pubkey.der; sourceTree = "<group>"; };
		EA17C8F71AE98399002DCBC2 /* zbimconfig.plist */ = {isa = PBXFileReference; fileEncoding = 4; lastKnownFileType = text.plist.xml; path = zbimconfig.plist; sourceTree = "<group>"; };
		EA17C8F81AE98399002DCBC2 /* ZumobiContent.swift */ = {isa = PBXFileReference; fileEncoding = 4; lastKnownFileType = sourcecode.swift; path = ZumobiContent.swift; sourceTree = "<group>"; };
		EA17C8FC1AE99134002DCBC2 /* PushContentDemoViewController.swift */ = {isa = PBXFileReference; fileEncoding = 4; lastKnownFileType = sourcecode.swift; path = PushContentDemoViewController.swift; sourceTree = "<group>"; };
		EA17C8FE1AE99FE5002DCBC2 /* HubViewController.swift */ = {isa = PBXFileReference; fileEncoding = 4; lastKnownFileType = sourcecode.swift; path = HubViewController.swift; sourceTree = "<group>"; };
		EA442FBA1AEA59420004D75F /* SplitMasterDemoViewController.swift */ = {isa = PBXFileReference; fileEncoding = 4; lastKnownFileType = sourcecode.swift; path = SplitMasterDemoViewController.swift; sourceTree = "<group>"; };
		EA442FBC1AEA5DAB0004D75F /* SplitDemoViewController.swift */ = {isa = PBXFileReference; fileEncoding = 4; lastKnownFileType = sourcecode.swift; path = SplitDemoViewController.swift; sourceTree = "<group>"; };
		EA8564291AE94C1700ABD385 /* ZumobiDemo.app */ = {isa = PBXFileReference; explicitFileType = wrapper.application; includeInIndex = 0; path = ZumobiDemo.app; sourceTree = BUILT_PRODUCTS_DIR; };
		EA85642D1AE94C1700ABD385 /* Info.plist */ = {isa = PBXFileReference; lastKnownFileType = text.plist.xml; path = Info.plist; sourceTree = "<group>"; };
		EA85642E1AE94C1700ABD385 /* AppDelegate.swift */ = {isa = PBXFileReference; lastKnownFileType = sourcecode.swift; path = AppDelegate.swift; sourceTree = "<group>"; };
		EA8564301AE94C1700ABD385 /* ModalDemoViewController.swift */ = {isa = PBXFileReference; lastKnownFileType = sourcecode.swift; path = ModalDemoViewController.swift; sourceTree = "<group>"; };
		EA8564321AE94C1700ABD385 /* PushDemoViewController.swift */ = {isa = PBXFileReference; lastKnownFileType = sourcecode.swift; path = PushDemoViewController.swift; sourceTree = "<group>"; };
		EA8564351AE94C1700ABD385 /* Base */ = {isa = PBXFileReference; lastKnownFileType = file.storyboard; name = Base; path = Base.lproj/Main.storyboard; sourceTree = "<group>"; };
		EA8564371AE94C1700ABD385 /* Images.xcassets */ = {isa = PBXFileReference; lastKnownFileType = folder.assetcatalog; path = Images.xcassets; sourceTree = "<group>"; };
		EA85643A1AE94C1700ABD385 /* Base */ = {isa = PBXFileReference; lastKnownFileType = file.xib; name = Base; path = Base.lproj/LaunchScreen.xib; sourceTree = "<group>"; };
		EA8564401AE94C1700ABD385 /* ZumobiDemoTests.xctest */ = {isa = PBXFileReference; explicitFileType = wrapper.cfbundle; includeInIndex = 0; path = ZumobiDemoTests.xctest; sourceTree = BUILT_PRODUCTS_DIR; };
		EA8564451AE94C1700ABD385 /* Info.plist */ = {isa = PBXFileReference; lastKnownFileType = text.plist.xml; path = Info.plist; sourceTree = "<group>"; };
		EA8564461AE94C1700ABD385 /* ZumobiDemoTests.swift */ = {isa = PBXFileReference; lastKnownFileType = sourcecode.swift; path = ZumobiDemoTests.swift; sourceTree = "<group>"; };
		EA8564501AE9591E00ABD385 /* EmbeddedDemoViewController.swift */ = {isa = PBXFileReference; fileEncoding = 4; lastKnownFileType = sourcecode.swift; path = EmbeddedDemoViewController.swift; sourceTree = "<group>"; };
		EA8564521AE96F6F00ABD385 /* SplitDetailsDemoViewController.swift */ = {isa = PBXFileReference; fileEncoding = 4; lastKnownFileType = sourcecode.swift; path = SplitDetailsDemoViewController.swift; sourceTree = "<group>"; };
		EAC6A6D21AEA6C12004FD7BB /* TabBarController.swift */ = {isa = PBXFileReference; fileEncoding = 4; lastKnownFileType = sourcecode.swift; path = TabBarController.swift; sourceTree = "<group>"; };
/* End PBXFileReference section */

/* Begin PBXFrameworksBuildPhase section */
		EA8564261AE94C1700ABD385 /* Frameworks */ = {
			isa = PBXFrameworksBuildPhase;
			buildActionMask = 2147483647;
			files = (
				670D3980DD1FD53D72CF90FA /* libPods-ZumobiDemo.a in Frameworks */,
			);
			runOnlyForDeploymentPostprocessing = 0;
		};
		EA85643D1AE94C1700ABD385 /* Frameworks */ = {
			isa = PBXFrameworksBuildPhase;
			buildActionMask = 2147483647;
			files = (
			);
			runOnlyForDeploymentPostprocessing = 0;
		};
/* End PBXFrameworksBuildPhase section */

/* Begin PBXGroup section */
		0B0A7F11E85DE485A5738732 /* Frameworks */ = {
			isa = PBXGroup;
			children = (
				A266F0F7F332489438BC5061 /* libPods-ZumobiDemo.a */,
			);
			name = Frameworks;
			sourceTree = "<group>";
		};
		E35D37E2D2A3E2C9E1988216 /* Pods */ = {
			isa = PBXGroup;
			children = (
				B7FCB77F34ED68AA39F3ED27 /* Pods-ZumobiDemo.debug.xcconfig */,
				466B09D756528E656B6541CD /* Pods-ZumobiDemo.release.xcconfig */,
			);
			name = Pods;
			sourceTree = "<group>";
		};
		EA17C8F51AE98399002DCBC2 /* Zumobi */ = {
			isa = PBXGroup;
			children = (
				EA17C8F81AE98399002DCBC2 /* ZumobiContent.swift */,
				EA17C8F61AE98399002DCBC2 /* pubkey.der */,
				EA17C8F71AE98399002DCBC2 /* zbimconfig.plist */,
			);
			path = Zumobi;
			sourceTree = "<group>";
		};
		EA8564201AE94C1700ABD385 = {
			isa = PBXGroup;
			children = (
				EA85642B1AE94C1700ABD385 /* ZumobiDemo */,
				EA8564431AE94C1700ABD385 /* ZumobiDemoTests */,
				EA85642A1AE94C1700ABD385 /* Products */,
				E35D37E2D2A3E2C9E1988216 /* Pods */,
				0B0A7F11E85DE485A5738732 /* Frameworks */,
			);
			sourceTree = "<group>";
		};
		EA85642A1AE94C1700ABD385 /* Products */ = {
			isa = PBXGroup;
			children = (
				EA8564291AE94C1700ABD385 /* ZumobiDemo.app */,
				EA8564401AE94C1700ABD385 /* ZumobiDemoTests.xctest */,
			);
			name = Products;
			sourceTree = "<group>";
		};
		EA85642B1AE94C1700ABD385 /* ZumobiDemo */ = {
			isa = PBXGroup;
			children = (
				EA8564561AE97B7900ABD385 /* View Controllers */,
				EA17C8F51AE98399002DCBC2 /* Zumobi */,
				EA85642E1AE94C1700ABD385 /* AppDelegate.swift */,
				EA8564341AE94C1700ABD385 /* Main.storyboard */,
				EA8564391AE94C1700ABD385 /* LaunchScreen.xib */,
				EA8564371AE94C1700ABD385 /* Images.xcassets */,
				EA85642C1AE94C1700ABD385 /* Supporting Files */,
			);
			path = ZumobiDemo;
			sourceTree = "<group>";
		};
		EA85642C1AE94C1700ABD385 /* Supporting Files */ = {
			isa = PBXGroup;
			children = (
				EA17C8F41AE97E34002DCBC2 /* BridgingHeader.h */,
				EA85642D1AE94C1700ABD385 /* Info.plist */,
			);
			name = "Supporting Files";
			sourceTree = "<group>";
		};
		EA8564431AE94C1700ABD385 /* ZumobiDemoTests */ = {
			isa = PBXGroup;
			children = (
				EA8564461AE94C1700ABD385 /* ZumobiDemoTests.swift */,
				EA8564441AE94C1700ABD385 /* Supporting Files */,
			);
			path = ZumobiDemoTests;
			sourceTree = "<group>";
		};
		EA8564441AE94C1700ABD385 /* Supporting Files */ = {
			isa = PBXGroup;
			children = (
				EA8564451AE94C1700ABD385 /* Info.plist */,
			);
			name = "Supporting Files";
			sourceTree = "<group>";
		};
		EA8564561AE97B7900ABD385 /* View Controllers */ = {
			isa = PBXGroup;
			children = (
				EA8564301AE94C1700ABD385 /* ModalDemoViewController.swift */,
				EA8564321AE94C1700ABD385 /* PushDemoViewController.swift */,
				EA17C8FC1AE99134002DCBC2 /* PushContentDemoViewController.swift */,
				EA8564501AE9591E00ABD385 /* EmbeddedDemoViewController.swift */,
				EA442FBC1AEA5DAB0004D75F /* SplitDemoViewController.swift */,
				EA442FBA1AEA59420004D75F /* SplitMasterDemoViewController.swift */,
				EA8564521AE96F6F00ABD385 /* SplitDetailsDemoViewController.swift */,
				EA17C8FE1AE99FE5002DCBC2 /* HubViewController.swift */,
				EAC6A6D21AEA6C12004FD7BB /* TabBarController.swift */,
			);
			name = "View Controllers";
			sourceTree = "<group>";
		};
/* End PBXGroup section */

/* Begin PBXNativeTarget section */
		EA8564281AE94C1700ABD385 /* ZumobiDemo */ = {
			isa = PBXNativeTarget;
			buildConfigurationList = EA85644A1AE94C1700ABD385 /* Build configuration list for PBXNativeTarget "ZumobiDemo" */;
			buildPhases = (
				A285F5D13E92801794674799 /* Check Pods Manifest.lock */,
				EA8564251AE94C1700ABD385 /* Sources */,
				EA8564261AE94C1700ABD385 /* Frameworks */,
				EA8564271AE94C1700ABD385 /* Resources */,
				EA329CE813C62F3834470BB4 /* Copy Pods Resources */,
			);
			buildRules = (
			);
			dependencies = (
			);
			name = ZumobiDemo;
			productName = ZumobiDemo;
			productReference = EA8564291AE94C1700ABD385 /* ZumobiDemo.app */;
			productType = "com.apple.product-type.application";
		};
		EA85643F1AE94C1700ABD385 /* ZumobiDemoTests */ = {
			isa = PBXNativeTarget;
			buildConfigurationList = EA85644D1AE94C1700ABD385 /* Build configuration list for PBXNativeTarget "ZumobiDemoTests" */;
			buildPhases = (
				EA85643C1AE94C1700ABD385 /* Sources */,
				EA85643D1AE94C1700ABD385 /* Frameworks */,
				EA85643E1AE94C1700ABD385 /* Resources */,
			);
			buildRules = (
			);
			dependencies = (
				EA8564421AE94C1700ABD385 /* PBXTargetDependency */,
			);
			name = ZumobiDemoTests;
			productName = ZumobiDemoTests;
			productReference = EA8564401AE94C1700ABD385 /* ZumobiDemoTests.xctest */;
			productType = "com.apple.product-type.bundle.unit-test";
		};
/* End PBXNativeTarget section */

/* Begin PBXProject section */
		EA8564211AE94C1700ABD385 /* Project object */ = {
			isa = PBXProject;
			attributes = {
				LastUpgradeCheck = 0630;
				ORGANIZATIONNAME = 7Actions;
				TargetAttributes = {
					EA8564281AE94C1700ABD385 = {
						CreatedOnToolsVersion = 6.3;
					};
					EA85643F1AE94C1700ABD385 = {
						CreatedOnToolsVersion = 6.3;
						TestTargetID = EA8564281AE94C1700ABD385;
					};
				};
			};
			buildConfigurationList = EA8564241AE94C1700ABD385 /* Build configuration list for PBXProject "ZumobiDemo" */;
			compatibilityVersion = "Xcode 3.2";
			developmentRegion = English;
			hasScannedForEncodings = 0;
			knownRegions = (
				en,
				Base,
			);
			mainGroup = EA8564201AE94C1700ABD385;
			productRefGroup = EA85642A1AE94C1700ABD385 /* Products */;
			projectDirPath = "";
			projectRoot = "";
			targets = (
				EA8564281AE94C1700ABD385 /* ZumobiDemo */,
				EA85643F1AE94C1700ABD385 /* ZumobiDemoTests */,
			);
		};
/* End PBXProject section */

/* Begin PBXResourcesBuildPhase section */
		EA8564271AE94C1700ABD385 /* Resources */ = {
			isa = PBXResourcesBuildPhase;
			buildActionMask = 2147483647;
			files = (
				EA8564361AE94C1700ABD385 /* Main.storyboard in Resources */,
				EA85643B1AE94C1700ABD385 /* LaunchScreen.xib in Resources */,
				EA8564381AE94C1700ABD385 /* Images.xcassets in Resources */,
				EA17C8FA1AE98399002DCBC2 /* zbimconfig.plist in Resources */,
				EA17C8F91AE98399002DCBC2 /* pubkey.der in Resources */,
			);
			runOnlyForDeploymentPostprocessing = 0;
		};
		EA85643E1AE94C1700ABD385 /* Resources */ = {
			isa = PBXResourcesBuildPhase;
			buildActionMask = 2147483647;
			files = (
			);
			runOnlyForDeploymentPostprocessing = 0;
		};
/* End PBXResourcesBuildPhase section */

/* Begin PBXShellScriptBuildPhase section */
		A285F5D13E92801794674799 /* Check Pods Manifest.lock */ = {
			isa = PBXShellScriptBuildPhase;
			buildActionMask = 2147483647;
			files = (
			);
			inputPaths = (
			);
			name = "Check Pods Manifest.lock";
			outputPaths = (
			);
			runOnlyForDeploymentPostprocessing = 0;
			shellPath = /bin/sh;
			shellScript = "diff \"${PODS_ROOT}/../Podfile.lock\" \"${PODS_ROOT}/Manifest.lock\" > /dev/null\nif [[ $? != 0 ]] ; then\n    cat << EOM\nerror: The sandbox is not in sync with the Podfile.lock. Run 'pod install' or update your CocoaPods installation.\nEOM\n    exit 1\nfi\n";
			showEnvVarsInLog = 0;
		};
		EA329CE813C62F3834470BB4 /* Copy Pods Resources */ = {
			isa = PBXShellScriptBuildPhase;
			buildActionMask = 2147483647;
			files = (
			);
			inputPaths = (
			);
			name = "Copy Pods Resources";
			outputPaths = (
			);
			runOnlyForDeploymentPostprocessing = 0;
			shellPath = /bin/sh;
			shellScript = "\"${SRCROOT}/Pods/Target Support Files/Pods-ZumobiDemo/Pods-ZumobiDemo-resources.sh\"\n";
			showEnvVarsInLog = 0;
		};
/* End PBXShellScriptBuildPhase section */

/* Begin PBXSourcesBuildPhase section */
		EA8564251AE94C1700ABD385 /* Sources */ = {
			isa = PBXSourcesBuildPhase;
			buildActionMask = 2147483647;
			files = (
				EA442FBD1AEA5DAB0004D75F /* SplitDemoViewController.swift in Sources */,
				EA17C8FF1AE99FE5002DCBC2 /* HubViewController.swift in Sources */,
				EAC6A6D31AEA6C12004FD7BB /* TabBarController.swift in Sources */,
				EA8564511AE9591E00ABD385 /* EmbeddedDemoViewController.swift in Sources */,
				EA8564331AE94C1700ABD385 /* PushDemoViewController.swift in Sources */,
				EA85642F1AE94C1700ABD385 /* AppDelegate.swift in Sources */,
				EA8564311AE94C1700ABD385 /* ModalDemoViewController.swift in Sources */,
				EA17C8FD1AE99134002DCBC2 /* PushContentDemoViewController.swift in Sources */,
				EA8564531AE96F6F00ABD385 /* SplitDetailsDemoViewController.swift in Sources */,
				EA17C8FB1AE98399002DCBC2 /* ZumobiContent.swift in Sources */,
				EA442FBB1AEA59420004D75F /* SplitMasterDemoViewController.swift in Sources */,
			);
			runOnlyForDeploymentPostprocessing = 0;
		};
		EA85643C1AE94C1700ABD385 /* Sources */ = {
			isa = PBXSourcesBuildPhase;
			buildActionMask = 2147483647;
			files = (
				EA8564471AE94C1700ABD385 /* ZumobiDemoTests.swift in Sources */,
			);
			runOnlyForDeploymentPostprocessing = 0;
		};
/* End PBXSourcesBuildPhase section */

/* Begin PBXTargetDependency section */
		EA8564421AE94C1700ABD385 /* PBXTargetDependency */ = {
			isa = PBXTargetDependency;
			target = EA8564281AE94C1700ABD385 /* ZumobiDemo */;
			targetProxy = EA8564411AE94C1700ABD385 /* PBXContainerItemProxy */;
		};
/* End PBXTargetDependency section */

/* Begin PBXVariantGroup section */
		EA8564341AE94C1700ABD385 /* Main.storyboard */ = {
			isa = PBXVariantGroup;
			children = (
				EA8564351AE94C1700ABD385 /* Base */,
			);
			name = Main.storyboard;
			sourceTree = "<group>";
		};
		EA8564391AE94C1700ABD385 /* LaunchScreen.xib */ = {
			isa = PBXVariantGroup;
			children = (
				EA85643A1AE94C1700ABD385 /* Base */,
			);
			name = LaunchScreen.xib;
			sourceTree = "<group>";
		};
/* End PBXVariantGroup section */

/* Begin XCBuildConfiguration section */
		EA8564481AE94C1700ABD385 /* Debug */ = {
			isa = XCBuildConfiguration;
			buildSettings = {
				ALWAYS_SEARCH_USER_PATHS = NO;
				CLANG_CXX_LANGUAGE_STANDARD = "gnu++0x";
				CLANG_CXX_LIBRARY = "libc++";
				CLANG_ENABLE_MODULES = YES;
				CLANG_ENABLE_OBJC_ARC = YES;
				CLANG_WARN_BOOL_CONVERSION = YES;
				CLANG_WARN_CONSTANT_CONVERSION = YES;
				CLANG_WARN_DIRECT_OBJC_ISA_USAGE = YES_ERROR;
				CLANG_WARN_EMPTY_BODY = YES;
				CLANG_WARN_ENUM_CONVERSION = YES;
				CLANG_WARN_INT_CONVERSION = YES;
				CLANG_WARN_OBJC_ROOT_CLASS = YES_ERROR;
				CLANG_WARN_UNREACHABLE_CODE = YES;
				CLANG_WARN__DUPLICATE_METHOD_MATCH = YES;
				"CODE_SIGN_IDENTITY[sdk=iphoneos*]" = "iPhone Developer";
				COPY_PHASE_STRIP = NO;
				DEBUG_INFORMATION_FORMAT = "dwarf-with-dsym";
				ENABLE_STRICT_OBJC_MSGSEND = YES;
				GCC_C_LANGUAGE_STANDARD = gnu99;
				GCC_DYNAMIC_NO_PIC = NO;
				GCC_NO_COMMON_BLOCKS = YES;
				GCC_OPTIMIZATION_LEVEL = 0;
				GCC_PREPROCESSOR_DEFINITIONS = (
					"DEBUG=1",
					"$(inherited)",
				);
				GCC_SYMBOLS_PRIVATE_EXTERN = NO;
				GCC_WARN_64_TO_32_BIT_CONVERSION = YES;
				GCC_WARN_ABOUT_RETURN_TYPE = YES_ERROR;
				GCC_WARN_UNDECLARED_SELECTOR = YES;
				GCC_WARN_UNINITIALIZED_AUTOS = YES_AGGRESSIVE;
				GCC_WARN_UNUSED_FUNCTION = YES;
				GCC_WARN_UNUSED_VARIABLE = YES;
				IPHONEOS_DEPLOYMENT_TARGET = 8.3;
				MTL_ENABLE_DEBUG_INFO = YES;
				ONLY_ACTIVE_ARCH = YES;
				SDKROOT = iphoneos;
				SWIFT_OPTIMIZATION_LEVEL = "-Onone";
				TARGETED_DEVICE_FAMILY = "1,2";
			};
			name = Debug;
		};
		EA8564491AE94C1700ABD385 /* Release */ = {
			isa = XCBuildConfiguration;
			buildSettings = {
				ALWAYS_SEARCH_USER_PATHS = NO;
				CLANG_CXX_LANGUAGE_STANDARD = "gnu++0x";
				CLANG_CXX_LIBRARY = "libc++";
				CLANG_ENABLE_MODULES = YES;
				CLANG_ENABLE_OBJC_ARC = YES;
				CLANG_WARN_BOOL_CONVERSION = YES;
				CLANG_WARN_CONSTANT_CONVERSION = YES;
				CLANG_WARN_DIRECT_OBJC_ISA_USAGE = YES_ERROR;
				CLANG_WARN_EMPTY_BODY = YES;
				CLANG_WARN_ENUM_CONVERSION = YES;
				CLANG_WARN_INT_CONVERSION = YES;
				CLANG_WARN_OBJC_ROOT_CLASS = YES_ERROR;
				CLANG_WARN_UNREACHABLE_CODE = YES;
				CLANG_WARN__DUPLICATE_METHOD_MATCH = YES;
				"CODE_SIGN_IDENTITY[sdk=iphoneos*]" = "iPhone Developer";
				COPY_PHASE_STRIP = NO;
				DEBUG_INFORMATION_FORMAT = "dwarf-with-dsym";
				ENABLE_NS_ASSERTIONS = NO;
				ENABLE_STRICT_OBJC_MSGSEND = YES;
				GCC_C_LANGUAGE_STANDARD = gnu99;
				GCC_NO_COMMON_BLOCKS = YES;
				GCC_WARN_64_TO_32_BIT_CONVERSION = YES;
				GCC_WARN_ABOUT_RETURN_TYPE = YES_ERROR;
				GCC_WARN_UNDECLARED_SELECTOR = YES;
				GCC_WARN_UNINITIALIZED_AUTOS = YES_AGGRESSIVE;
				GCC_WARN_UNUSED_FUNCTION = YES;
				GCC_WARN_UNUSED_VARIABLE = YES;
				IPHONEOS_DEPLOYMENT_TARGET = 8.3;
				MTL_ENABLE_DEBUG_INFO = NO;
				SDKROOT = iphoneos;
				TARGETED_DEVICE_FAMILY = "1,2";
				VALIDATE_PRODUCT = YES;
			};
			name = Release;
		};
		EA85644B1AE94C1700ABD385 /* Debug */ = {
			isa = XCBuildConfiguration;
			baseConfigurationReference = B7FCB77F34ED68AA39F3ED27 /* Pods-ZumobiDemo.debug.xcconfig */;
			buildSettings = {
				ASSETCATALOG_COMPILER_APPICON_NAME = AppIcon;
				INFOPLIST_FILE = ZumobiDemo/Info.plist;
				LD_RUNPATH_SEARCH_PATHS = "$(inherited) @executable_path/Frameworks";
				PRODUCT_NAME = "$(TARGET_NAME)";
				SWIFT_OBJC_BRIDGING_HEADER = "$(PROJECT_DIR)/ZumobiDemo/BridgingHeader.h";
			};
			name = Debug;
		};
		EA85644C1AE94C1700ABD385 /* Release */ = {
			isa = XCBuildConfiguration;
			baseConfigurationReference = 466B09D756528E656B6541CD /* Pods-ZumobiDemo.release.xcconfig */;
			buildSettings = {
				ASSETCATALOG_COMPILER_APPICON_NAME = AppIcon;
				INFOPLIST_FILE = ZumobiDemo/Info.plist;
				LD_RUNPATH_SEARCH_PATHS = "$(inherited) @executable_path/Frameworks";
				PRODUCT_NAME = "$(TARGET_NAME)";
				SWIFT_OBJC_BRIDGING_HEADER = "$(PROJECT_DIR)/ZumobiDemo/BridgingHeader.h";
			};
			name = Release;
		};
		EA85644E1AE94C1700ABD385 /* Debug */ = {
			isa = XCBuildConfiguration;
			buildSettings = {
				BUNDLE_LOADER = "$(TEST_HOST)";
				FRAMEWORK_SEARCH_PATHS = (
					"$(SDKROOT)/Developer/Library/Frameworks",
					"$(inherited)",
				);
				GCC_PREPROCESSOR_DEFINITIONS = (
					"DEBUG=1",
					"$(inherited)",
				);
				INFOPLIST_FILE = ZumobiDemoTests/Info.plist;
				LD_RUNPATH_SEARCH_PATHS = "$(inherited) @executable_path/Frameworks @loader_path/Frameworks";
				PRODUCT_NAME = "$(TARGET_NAME)";
				TEST_HOST = "$(BUILT_PRODUCTS_DIR)/ZumobiDemo.app/ZumobiDemo";
			};
			name = Debug;
		};
		EA85644F1AE94C1700ABD385 /* Release */ = {
			isa = XCBuildConfiguration;
			buildSettings = {
				BUNDLE_LOADER = "$(TEST_HOST)";
				FRAMEWORK_SEARCH_PATHS = (
					"$(SDKROOT)/Developer/Library/Frameworks",
					"$(inherited)",
				);
				INFOPLIST_FILE = ZumobiDemoTests/Info.plist;
				LD_RUNPATH_SEARCH_PATHS = "$(inherited) @executable_path/Frameworks @loader_path/Frameworks";
				PRODUCT_NAME = "$(TARGET_NAME)";
				TEST_HOST = "$(BUILT_PRODUCTS_DIR)/ZumobiDemo.app/ZumobiDemo";
			};
			name = Release;
		};
/* End XCBuildConfiguration section */

/* Begin XCConfigurationList section */
		EA8564241AE94C1700ABD385 /* Build configuration list for PBXProject "ZumobiDemo" */ = {
			isa = XCConfigurationList;
			buildConfigurations = (
				EA8564481AE94C1700ABD385 /* Debug */,
				EA8564491AE94C1700ABD385 /* Release */,
			);
			defaultConfigurationIsVisible = 0;
			defaultConfigurationName = Release;
		};
		EA85644A1AE94C1700ABD385 /* Build configuration list for PBXNativeTarget "ZumobiDemo" */ = {
			isa = XCConfigurationList;
			buildConfigurations = (
				EA85644B1AE94C1700ABD385 /* Debug */,
				EA85644C1AE94C1700ABD385 /* Release */,
			);
			defaultConfigurationIsVisible = 0;
			defaultConfigurationName = Release;
		};
		EA85644D1AE94C1700ABD385 /* Build configuration list for PBXNativeTarget "ZumobiDemoTests" */ = {
			isa = XCConfigurationList;
			buildConfigurations = (
				EA85644E1AE94C1700ABD385 /* Debug */,
				EA85644F1AE94C1700ABD385 /* Release */,
			);
			defaultConfigurationIsVisible = 0;
			defaultConfigurationName = Release;
		};
/* End XCConfigurationList section */
	};
	rootObject = EA8564211AE94C1700ABD385 /* Project object */;
}
